
Microsoft Visual Studio Solution File, Format Version 12.00
# Visual Studio Version 17
VisualStudioVersion = 17.4.33122.133
MinimumVisualStudioVersion = 10.0.40219.1
Project("{FAE04EC0-301F-11D3-BF4B-00C04F79EFBC}") = "AdaCredit", "AdaCredit\AdaCredit.csproj", "{38380EC1-E1D5-4C3C-ADCE-282BD23D3892}"
EndProject
Global
	GlobalSection(SolutionConfigurationPlatforms) = preSolution
		Debug|Any CPU = Debug|Any CPU
		Release|Any CPU = Release|Any CPU
	EndGlobalSection
	GlobalSection(ProjectConfigurationPlatforms) = postSolution
		{38380EC1-E1D5-4C3C-ADCE-282BD23D3892}.Debug|Any CPU.ActiveCfg = Debug|Any CPU
		{38380EC1-E1D5-4C3C-ADCE-282BD23D3892}.Debug|Any CPU.Build.0 = Debug|Any CPU
		{38380EC1-E1D5-4C3C-ADCE-282BD23D3892}.Release|Any CPU.ActiveCfg = Release|Any CPU
		{38380EC1-E1D5-4C3C-ADCE-282BD23D3892}.Release|Any CPU.Build.0 = Release|Any CPU
	EndGlobalSection
	GlobalSection(SolutionProperties) = preSolution
		HideSolutionNode = FALSE
	EndGlobalSection
	GlobalSection(ExtensibilityGlobals) = postSolution
		SolutionGuid = {032A40E6-50A0-4862-936D-A435AB596C61}
	EndGlobalSection
EndGlobal
